
Microsoft Visual Studio Solution File, Format Version 12.00
# Visual Studio Version 17
VisualStudioVersion = 17.1.32414.318
MinimumVisualStudioVersion = 10.0.40219.1
Project("{FAE04EC0-301F-11D3-BF4B-00C04F79EFBC}") = "Datos", "Datos\Datos.csproj", "{67319006-5B3F-4EAE-AF30-6BD0E2AC5E36}"
EndProject
Project("{FAE04EC0-301F-11D3-BF4B-00C04F79EFBC}") = "Negocio", "Negocio\Negocio.csproj", "{65D1A6C1-D71C-4DD7-85FE-712A0DC3D6FA}"
EndProject
Project("{FAE04EC0-301F-11D3-BF4B-00C04F79EFBC}") = "Entidades", "Entidades\Entidades.csproj", "{450DD097-7EAE-4D06-9F27-BA00C6921C9E}"
EndProject
Project("{FAE04EC0-301F-11D3-BF4B-00C04F79EFBC}") = "UIWinForm", "UIWinForm\UIWinForm.csproj", "{11058E90-3DE7-4D88-9300-8F3FF692DF8E}"
EndProject
Project("{FAE04EC0-301F-11D3-BF4B-00C04F79EFBC}") = "UIWebMVC", "UIWebMVC\UIWebMVC.csproj", "{181353AE-4BE6-4C28-9A83-D92238C745BD}"
EndProject
Global
	GlobalSection(SolutionConfigurationPlatforms) = preSolution
		Debug|Any CPU = Debug|Any CPU
		Release|Any CPU = Release|Any CPU
	EndGlobalSection
	GlobalSection(ProjectConfigurationPlatforms) = postSolution
		{67319006-5B3F-4EAE-AF30-6BD0E2AC5E36}.Debug|Any CPU.ActiveCfg = Debug|Any CPU
		{67319006-5B3F-4EAE-AF30-6BD0E2AC5E36}.Debug|Any CPU.Build.0 = Debug|Any CPU
		{67319006-5B3F-4EAE-AF30-6BD0E2AC5E36}.Release|Any CPU.ActiveCfg = Release|Any CPU
		{67319006-5B3F-4EAE-AF30-6BD0E2AC5E36}.Release|Any CPU.Build.0 = Release|Any CPU
		{65D1A6C1-D71C-4DD7-85FE-712A0DC3D6FA}.Debug|Any CPU.ActiveCfg = Debug|Any CPU
		{65D1A6C1-D71C-4DD7-85FE-712A0DC3D6FA}.Debug|Any CPU.Build.0 = Debug|Any CPU
		{65D1A6C1-D71C-4DD7-85FE-712A0DC3D6FA}.Release|Any CPU.ActiveCfg = Release|Any CPU
		{65D1A6C1-D71C-4DD7-85FE-712A0DC3D6FA}.Release|Any CPU.Build.0 = Release|Any CPU
		{450DD097-7EAE-4D06-9F27-BA00C6921C9E}.Debug|Any CPU.ActiveCfg = Debug|Any CPU
		{450DD097-7EAE-4D06-9F27-BA00C6921C9E}.Debug|Any CPU.Build.0 = Debug|Any CPU
		{450DD097-7EAE-4D06-9F27-BA00C6921C9E}.Release|Any CPU.ActiveCfg = Release|Any CPU
		{450DD097-7EAE-4D06-9F27-BA00C6921C9E}.Release|Any CPU.Build.0 = Release|Any CPU
		{11058E90-3DE7-4D88-9300-8F3FF692DF8E}.Debug|Any CPU.ActiveCfg = Debug|Any CPU
		{11058E90-3DE7-4D88-9300-8F3FF692DF8E}.Debug|Any CPU.Build.0 = Debug|Any CPU
		{11058E90-3DE7-4D88-9300-8F3FF692DF8E}.Release|Any CPU.ActiveCfg = Release|Any CPU
		{11058E90-3DE7-4D88-9300-8F3FF692DF8E}.Release|Any CPU.Build.0 = Release|Any CPU
		{181353AE-4BE6-4C28-9A83-D92238C745BD}.Debug|Any CPU.ActiveCfg = Debug|Any CPU
		{181353AE-4BE6-4C28-9A83-D92238C745BD}.Debug|Any CPU.Build.0 = Debug|Any CPU
		{181353AE-4BE6-4C28-9A83-D92238C745BD}.Release|Any CPU.ActiveCfg = Release|Any CPU
		{181353AE-4BE6-4C28-9A83-D92238C745BD}.Release|Any CPU.Build.0 = Release|Any CPU
	EndGlobalSection
	GlobalSection(SolutionProperties) = preSolution
		HideSolutionNode = FALSE
	EndGlobalSection
	GlobalSection(ExtensibilityGlobals) = postSolution
		SolutionGuid = {257419BE-5975-43BC-BF1C-3B0AE7A78D6E}
	EndGlobalSection
EndGlobal
